{
  "version": 4,
  "terraform_version": "1.11.0",
  "serial": 36,
  "lineage": "a150884c-f6d1-a4a8-635a-01d7724925b1",
  "outputs": {
    "kubeone_api": {
      "value": {
        "apiserver_alternative_names": [],
        "endpoint": "188.132.178.141"
      },
      "type": [
        "object",
        {
          "apiserver_alternative_names": [
            "list",
            "string"
          ],
          "endpoint": "string"
        }
      ]
    },
    "kubeone_hosts": {
      "value": {
        "control_plane": {
          "bastion": "188.132.178.64",
          "bastion_host_key": null,
          "bastion_port": 22,
          "bastion_user": "ubuntu",
          "cloud_provider": "openstack",
          "cluster_name": "regionone",
          "hostnames": [
            "regionone-cp-0"
          ],
          "private_address": [
            "192.168.1.185"
          ],
          "ssh_agent_socket": "env:SSH_AUTH_SOCK",
          "ssh_hosts_keys": null,
          "ssh_port": 22,
          "ssh_private_key_file": "",
          "ssh_user": "ubuntu"
        }
      },
      "type": [
        "object",
        {
          "control_plane": [
            "object",
            {
              "bastion": "string",
              "bastion_host_key": "string",
              "bastion_port": "number",
              "bastion_user": "string",
              "cloud_provider": "string",
              "cluster_name": "string",
              "hostnames": [
                "tuple",
                [
                  "string"
                ]
              ],
              "private_address": [
                "tuple",
                [
                  "string"
                ]
              ],
              "ssh_agent_socket": "string",
              "ssh_hosts_keys": [
                "list",
                "string"
              ],
              "ssh_port": "number",
              "ssh_private_key_file": "string",
              "ssh_user": "string"
            }
          ]
        }
      ]
    },
    "kubeone_workers": {
      "value": {
        "regionone-pool1": {
          "providerSpec": {
            "annotations": {
              "cluster.k8s.io/cluster-api-autoscaler-node-group-max-size": "2",
              "cluster.k8s.io/cluster-api-autoscaler-node-group-min-size": "2",
              "k8c.io/operating-system-profile": ""
            },
            "cloudProviderSpec": {
              "configDrive": false,
              "flavor": "small",
              "image": "Ubuntu-22.04-Cloudimage.qcow2",
              "network": "regionone-cluster",
              "securityGroups": [
                "regionone-cluster"
              ],
              "subnet": "regionone-cluster",
              "tags": {
                "regionone-workers": "pool1"
              }
            },
            "operatingSystem": "ubuntu",
            "operatingSystemSpec": {
              "disableAutoUpdate": false,
              "disableLocksmithD": false,
              "distUpgradeOnBoot": false
            },
            "sshPublicKeys": [
              "ssh-rsa AAAAB3NzaC1yc2EAAAADAQABAAABgQDZkFuxLfMb6NYPkDXyEZsqq2QWt2OUmRZOr3zrn7uBg1mghj5hd0QRgy+ZOQLbt3RkHlg8hIgWIma9npCb2EPirT5SulR10kdijvsOZIlGMbOBZ+9zUIAXEF6sDfPdHxJnZL1yADWjIIAp8uz6MOX5sUHhNnTQKESVMp4B4R6ouP5aojn4Tbb6+cVI5l+PMDFonkm4iVC9qG2pUO4UuNwLYc72Wrml2wpkeVVN1l8I3CtQy/VdL3M5fjvfXqYUTcX6vyj6MMCLjXitZJj2y9bAkX3YkNRkh9DSkKNuRcG50/5/OKARAX4GuCN9wdBmXi9fFu1ikbZ+iharqSJ+pMy0yIHNwnBQVL1kWg9oKLinjYvqjdU+FUGiKnC5oih8tIrTSl1EsPy/QrB82kOc7iOn8cAwdA1g8d6lYKmcyXhKWhKntuAcejsdn4r07Ogp2Ob7xLhUayWMlafSBjmJ/VhHjii0q4NSWIGHoz4LXplFMs/2aHnqxC0UNRuyr4Y+m3s= ygol@ygol\n"
            ]
          },
          "replicas": 2
        }
      },
      "type": [
        "object",
        {
          "regionone-pool1": [
            "object",
            {
              "providerSpec": [
                "object",
                {
                  "annotations": [
                    "object",
                    {
                      "cluster.k8s.io/cluster-api-autoscaler-node-group-max-size": "string",
                      "cluster.k8s.io/cluster-api-autoscaler-node-group-min-size": "string",
                      "k8c.io/operating-system-profile": "string"
                    }
                  ],
                  "cloudProviderSpec": [
                    "object",
                    {
                      "configDrive": "bool",
                      "flavor": "string",
                      "image": "string",
                      "network": "string",
                      "securityGroups": [
                        "tuple",
                        [
                          "string"
                        ]
                      ],
                      "subnet": "string",
                      "tags": [
                        "object",
                        {
                          "regionone-workers": "string"
                        }
                      ]
                    }
                  ],
                  "operatingSystem": "string",
                  "operatingSystemSpec": [
                    "object",
                    {
                      "disableAutoUpdate": "bool",
                      "disableLocksmithD": "bool",
                      "distUpgradeOnBoot": "bool"
                    }
                  ],
                  "sshPublicKeys": [
                    "tuple",
                    [
                      "string"
                    ]
                  ]
                }
              ],
              "replicas": "number"
            }
          ]
        }
      ]
    },
    "ssh_commands": {
      "value": [
        "ssh -J ubuntu@188.132.178.64 ubuntu@192.168.1.185"
      ],
      "type": [
        "list",
        "string"
      ]
    }
  },
  "resources": [
    {
      "mode": "data",
      "type": "openstack_images_image_v2",
      "name": "image",
      "provider": "provider[\"registry.terraform.io/terraform-provider-openstack/openstack\"]",
      "instances": [
        {
          "schema_version": 0,
          "attributes": {
            "checksum": "6e877f5eb8f24385fc8fd6763f7ee365",
            "container_format": "bare",
            "created_at": "2024-04-02T10:30:40Z",
            "disk_format": "qcow2",
            "file": "/v2/images/cc17ddfe-6c70-4dfa-8b37-3aa232dc0de2/file",
            "hidden": false,
            "id": "cc17ddfe-6c70-4dfa-8b37-3aa232dc0de2",
            "member_status": null,
            "metadata": {},
            "min_disk_gb": 3,
            "min_ram_mb": 0,
            "most_recent": true,
            "name": "Ubuntu-22.04-Cloudimage.qcow2",
            "name_regex": null,
            "owner": "a45717ae7a5047118f7c0067f51181d7",
            "properties": {
              "direct_url": "file:///mnt/vstorage/vols/datastores/glance/cc17ddfe-6c70-4dfa-8b37-3aa232dc0de2",
              "hw_qemu_guest_agent": "yes",
              "image_validated": "yes",
              "os_distro": "linux",
              "os_hash_algo": "sha512",
              "os_hash_value": "b12da96e3e2d1b4a5a22e983c949bb741efa4d7dccf2fc83eda7502fb6d833592870f8733cbb9d9ba0e3d78c31590f7a585bd8c9efd47f22d5e4f7f56f2113fd",
              "os_type": "linux"
            },
            "protected": false,
            "region": "RegionOne",
            "schema": "/v2/schemas/image",
            "size_bytes": 2626682880,
            "size_max": null,
            "size_min": null,
            "sort_direction": "asc",
            "sort_key": "name",
            "tag": null,
            "tags": [],
            "updated_at": "2024-04-03T08:15:02Z",
            "visibility": "public"
          },
          "sensitive_attributes": []
        }
      ]
    },
    {
      "mode": "data",
      "type": "openstack_networking_network_v2",
      "name": "external_network",
      "provider": "provider[\"registry.terraform.io/terraform-provider-openstack/openstack\"]",
      "instances": [
        {
          "schema_version": 0,
          "attributes": {
            "admin_state_up": "true",
            "all_tags": [],
            "availability_zone_hints": [],
            "description": "",
            "dns_domain": "",
            "external": true,
            "id": "de705df4-8e96-4412-b17f-d1869461090a",
            "matching_subnet_cidr": null,
            "mtu": 1500,
            "name": "VM_PUBLIC_2",
            "network_id": null,
            "region": "RegionOne",
            "segments": [
              {
                "network_type": "flat",
                "physical_network": "",
                "segmentation_id": 0
              }
            ],
            "shared": "true",
            "status": null,
            "subnets": [
              "e117e0c8-0ebe-4097-a6dd-ee1c72572940",
              "6236349d-f737-4e02-b81a-990d653c0039"
            ],
            "tags": null,
            "tenant_id": "a45717ae7a5047118f7c0067f51181d7",
            "transparent_vlan": false
          },
          "sensitive_attributes": []
        }
      ]
    },
    {
      "mode": "managed",
      "type": "openstack_compute_instance_v2",
      "name": "bastion",
      "provider": "provider[\"registry.terraform.io/terraform-provider-openstack/openstack\"]",
      "instances": [
        {
          "schema_version": 0,
          "attributes": {
            "access_ip_v4": "192.168.1.145",
            "access_ip_v6": "",
            "admin_pass": null,
            "all_metadata": {},
            "all_tags": [],
            "availability_zone": "nova",
            "availability_zone_hints": null,
            "block_device": [
              {
                "boot_index": 0,
                "delete_on_termination": true,
                "destination_type": "volume",
                "device_type": "",
                "disk_bus": "",
                "guest_format": "",
                "multiattach": false,
                "source_type": "image",
                "uuid": "cc17ddfe-6c70-4dfa-8b37-3aa232dc0de2",
                "volume_size": 20,
                "volume_type": ""
              }
            ],
            "config_drive": false,
            "created": "2025-03-05 07:55:49 +0000 UTC",
            "flavor_id": "101",
            "flavor_name": "small",
            "floating_ip": null,
            "force_delete": false,
            "id": "a774f973-c9ff-4bc9-b603-8a0288286494",
            "image_id": "Attempt to boot from volume - no image supplied",
            "image_name": "Ubuntu-22.04-Cloudimage.qcow2",
            "key_pair": "regionone-deployer-key",
            "metadata": null,
            "name": "regionone-bastion",
            "network": [
              {
                "access_network": false,
                "fixed_ip_v4": "192.168.1.145",
                "fixed_ip_v6": "",
                "floating_ip": "",
                "mac": "fa:16:3e:1e:1a:88",
                "name": "regionone-cluster",
                "port": "08355b5a-ee23-4792-b038-a89c52a5c20f",
                "uuid": "311a36db-5ea3-49be-ac38-05a4fab402a6"
              }
            ],
            "network_mode": null,
            "personality": [],
            "power_state": "active",
            "region": "RegionOne",
            "scheduler_hints": [],
            "security_groups": [
              "regionone-cluster"
            ],
            "stop_before_destroy": false,
            "tags": null,
            "timeouts": null,
            "updated": "2025-03-05 07:56:00 +0000 UTC",
            "user_data": null,
            "vendor_options": [],
            "volume": []
          },
          "sensitive_attributes": [
            [
              {
                "type": "get_attr",
                "value": "admin_pass"
              }
            ]
          ],
          "private": "eyJlMmJmYjczMC1lY2FhLTExZTYtOGY4OC0zNDM2M2JjN2M0YzAiOnsiY3JlYXRlIjoxODAwMDAwMDAwMDAwLCJkZWxldGUiOjE4MDAwMDAwMDAwMDAsInVwZGF0ZSI6MTgwMDAwMDAwMDAwMH19",
          "dependencies": [
            "openstack_compute_keypair_v2.deployer",
            "openstack_networking_network_v2.network",
            "openstack_networking_port_v2.bastion",
            "openstack_networking_secgroup_v2.securitygroup",
            "openstack_networking_subnet_v2.subnet"
          ]
        }
      ]
    },
    {
      "mode": "managed",
      "type": "openstack_compute_instance_v2",
      "name": "control_plane",
      "provider": "provider[\"registry.terraform.io/terraform-provider-openstack/openstack\"]",
      "instances": [
        {
          "index_key": 0,
          "schema_version": 0,
          "attributes": {
            "access_ip_v4": "192.168.1.185",
            "access_ip_v6": "",
            "admin_pass": null,
            "all_metadata": {},
            "all_tags": [],
            "availability_zone": "nova",
            "availability_zone_hints": null,
            "block_device": [
              {
                "boot_index": 0,
                "delete_on_termination": true,
                "destination_type": "volume",
                "device_type": "",
                "disk_bus": "",
                "guest_format": "",
                "multiattach": false,
                "source_type": "image",
                "uuid": "cc17ddfe-6c70-4dfa-8b37-3aa232dc0de2",
                "volume_size": 20,
                "volume_type": ""
              }
            ],
            "config_drive": false,
            "created": "2025-03-05 07:55:49 +0000 UTC",
            "flavor_id": "101",
            "flavor_name": "small",
            "floating_ip": null,
            "force_delete": false,
            "id": "35e34188-838c-4953-9ccc-8cbe41fd7378",
            "image_id": "Attempt to boot from volume - no image supplied",
            "image_name": "Ubuntu-22.04-Cloudimage.qcow2",
            "key_pair": "regionone-deployer-key",
            "metadata": null,
            "name": "regionone-cp-0",
            "network": [
              {
                "access_network": false,
                "fixed_ip_v4": "192.168.1.185",
                "fixed_ip_v6": "",
                "floating_ip": "",
                "mac": "fa:16:3e:c0:47:83",
                "name": "regionone-cluster",
                "port": "aa5a20c7-9096-465d-a479-e650637063ab",
                "uuid": "311a36db-5ea3-49be-ac38-05a4fab402a6"
              }
            ],
            "network_mode": null,
            "personality": [],
            "power_state": "active",
            "region": "RegionOne",
            "scheduler_hints": [],
            "security_groups": [
              "regionone-cluster"
            ],
            "stop_before_destroy": false,
            "tags": null,
            "timeouts": null,
            "updated": "2025-03-05 07:55:58 +0000 UTC",
            "user_data": null,
            "vendor_options": [],
            "volume": []
          },
          "sensitive_attributes": [
            [
              {
                "type": "get_attr",
                "value": "admin_pass"
              }
            ]
          ],
          "private": "eyJlMmJmYjczMC1lY2FhLTExZTYtOGY4OC0zNDM2M2JjN2M0YzAiOnsiY3JlYXRlIjoxODAwMDAwMDAwMDAwLCJkZWxldGUiOjE4MDAwMDAwMDAwMDAsInVwZGF0ZSI6MTgwMDAwMDAwMDAwMH19",
          "dependencies": [
            "openstack_compute_keypair_v2.deployer",
            "openstack_networking_network_v2.network",
            "openstack_networking_port_v2.control_plane",
            "openstack_networking_secgroup_v2.securitygroup",
            "openstack_networking_subnet_v2.subnet"
          ]
        }
      ]
    },
    {
      "mode": "managed",
      "type": "openstack_compute_keypair_v2",
      "name": "deployer",
      "provider": "provider[\"registry.terraform.io/terraform-provider-openstack/openstack\"]",
      "instances": [
        {
          "schema_version": 0,
          "attributes": {
            "fingerprint": "f0:f8:99:a3:69:21:c6:3d:b0:21:6e:a7:e0:6f:f2:00",
            "id": "regionone-deployer-key",
            "name": "regionone-deployer-key",
            "private_key": "",
            "public_key": "ssh-rsa AAAAB3NzaC1yc2EAAAADAQABAAABgQDZkFuxLfMb6NYPkDXyEZsqq2QWt2OUmRZOr3zrn7uBg1mghj5hd0QRgy+ZOQLbt3RkHlg8hIgWIma9npCb2EPirT5SulR10kdijvsOZIlGMbOBZ+9zUIAXEF6sDfPdHxJnZL1yADWjIIAp8uz6MOX5sUHhNnTQKESVMp4B4R6ouP5aojn4Tbb6+cVI5l+PMDFonkm4iVC9qG2pUO4UuNwLYc72Wrml2wpkeVVN1l8I3CtQy/VdL3M5fjvfXqYUTcX6vyj6MMCLjXitZJj2y9bAkX3YkNRkh9DSkKNuRcG50/5/OKARAX4GuCN9wdBmXi9fFu1ikbZ+iharqSJ+pMy0yIHNwnBQVL1kWg9oKLinjYvqjdU+FUGiKnC5oih8tIrTSl1EsPy/QrB82kOc7iOn8cAwdA1g8d6lYKmcyXhKWhKntuAcejsdn4r07Ogp2Ob7xLhUayWMlafSBjmJ/VhHjii0q4NSWIGHoz4LXplFMs/2aHnqxC0UNRuyr4Y+m3s= ygol@ygol\n",
            "region": "RegionOne",
            "user_id": "",
            "value_specs": null
          },
          "sensitive_attributes": [
            [
              {
                "type": "get_attr",
                "value": "private_key"
              }
            ]
          ],
          "private": "bnVsbA=="
        }
      ]
    },
    {
      "mode": "managed",
      "type": "openstack_lb_listener_v2",
      "name": "kube_apiserver",
      "provider": "provider[\"registry.terraform.io/terraform-provider-openstack/openstack\"]",
      "instances": [
        {
          "schema_version": 0,
          "attributes": {
            "admin_state_up": true,
            "allowed_cidrs": [],
            "connection_limit": -1,
            "default_pool_id": "09782f6a-1164-412f-b805-02791c3865af",
            "default_tls_container_ref": "",
            "description": "",
            "id": "9c6583ed-37a7-4635-adcc-b7eef0534753",
            "insert_headers": {},
            "loadbalancer_id": "6f090104-3b49-4683-9298-20916e05965b",
            "name": "regionone-kube-apiserver",
            "protocol": "TCP",
            "protocol_port": 6443,
            "region": "RegionOne",
            "sni_container_refs": [],
            "tags": [],
            "tenant_id": "8ca0f6faa11a4415ab8b8c491f302666",
            "timeout_client_data": 50000,
            "timeout_member_connect": 5000,
            "timeout_member_data": 50000,
            "timeout_tcp_inspect": 0,
            "timeouts": null
          },
          "sensitive_attributes": [],
          "private": "eyJlMmJmYjczMC1lY2FhLTExZTYtOGY4OC0zNDM2M2JjN2M0YzAiOnsiY3JlYXRlIjo2MDAwMDAwMDAwMDAsImRlbGV0ZSI6NjAwMDAwMDAwMDAwLCJ1cGRhdGUiOjYwMDAwMDAwMDAwMH19",
          "dependencies": [
            "openstack_lb_loadbalancer_v2.kube_apiserver",
            "openstack_lb_pool_v2.kube_apiservers",
            "openstack_networking_network_v2.network",
            "openstack_networking_secgroup_v2.securitygroup",
            "openstack_networking_subnet_v2.subnet"
          ]
        }
      ]
    },
    {
      "mode": "managed",
      "type": "openstack_lb_loadbalancer_v2",
      "name": "kube_apiserver",
      "provider": "provider[\"registry.terraform.io/terraform-provider-openstack/openstack\"]",
      "instances": [
        {
          "schema_version": 0,
          "attributes": {
            "admin_state_up": true,
            "availability_zone": "",
            "description": "",
            "flavor_id": "",
            "id": "6f090104-3b49-4683-9298-20916e05965b",
            "loadbalancer_provider": "amphora",
            "name": "regionone-kube-apiserver",
            "region": "RegionOne",
            "security_group_ids": [
              "269349f3-9c11-4ef0-a27f-5952fbfa251e"
            ],
            "tags": [],
            "tenant_id": "8ca0f6faa11a4415ab8b8c491f302666",
            "timeouts": null,
            "vip_address": "192.168.1.109",
            "vip_network_id": "311a36db-5ea3-49be-ac38-05a4fab402a6",
            "vip_port_id": "653ed42e-fdcc-462e-a9fd-6214e89d0e56",
            "vip_subnet_id": "c4d0bbf4-0b01-4979-b0b7-53138d43e010"
          },
          "sensitive_attributes": [],
          "private": "eyJlMmJmYjczMC1lY2FhLTExZTYtOGY4OC0zNDM2M2JjN2M0YzAiOnsiY3JlYXRlIjo2MDAwMDAwMDAwMDAsImRlbGV0ZSI6MzAwMDAwMDAwMDAwLCJ1cGRhdGUiOjYwMDAwMDAwMDAwMH19",
          "dependencies": [
            "openstack_networking_network_v2.network",
            "openstack_networking_secgroup_v2.securitygroup",
            "openstack_networking_subnet_v2.subnet"
          ]
        }
      ]
    },
    {
      "mode": "managed",
      "type": "openstack_lb_member_v2",
      "name": "kube_apiserver",
      "provider": "provider[\"registry.terraform.io/terraform-provider-openstack/openstack\"]",
      "instances": [
        {
          "index_key": 0,
          "schema_version": 0,
          "attributes": {
            "address": "192.168.1.185",
            "admin_state_up": true,
            "backup": false,
            "id": "3a0d3458-3fd7-4bc1-88f0-42c68e5b5ff1",
            "monitor_address": "",
            "monitor_port": 0,
            "name": "regionone-kube_apiserver-192.168.1.185",
            "pool_id": "09782f6a-1164-412f-b805-02791c3865af",
            "protocol_port": 6443,
            "region": "RegionOne",
            "subnet_id": "",
            "tenant_id": "8ca0f6faa11a4415ab8b8c491f302666",
            "timeouts": null,
            "weight": 1
          },
          "sensitive_attributes": [],
          "private": "eyJlMmJmYjczMC1lY2FhLTExZTYtOGY4OC0zNDM2M2JjN2M0YzAiOnsiY3JlYXRlIjo2MDAwMDAwMDAwMDAsImRlbGV0ZSI6NjAwMDAwMDAwMDAwLCJ1cGRhdGUiOjYwMDAwMDAwMDAwMH19",
          "dependencies": [
            "openstack_compute_instance_v2.control_plane",
            "openstack_compute_keypair_v2.deployer",
            "openstack_lb_loadbalancer_v2.kube_apiserver",
            "openstack_lb_pool_v2.kube_apiservers",
            "openstack_networking_network_v2.network",
            "openstack_networking_port_v2.control_plane",
            "openstack_networking_secgroup_v2.securitygroup",
            "openstack_networking_subnet_v2.subnet"
          ]
        }
      ]
    },
    {
      "mode": "managed",
      "type": "openstack_lb_monitor_v2",
      "name": "lb_monitor_tcp",
      "provider": "provider[\"registry.terraform.io/terraform-provider-openstack/openstack\"]",
      "instances": [
        {
          "schema_version": 0,
          "attributes": {
            "admin_state_up": true,
            "delay": 30,
            "expected_codes": "",
            "http_method": "",
            "id": "e0492be5-1f5a-43fe-a005-80431c1c0ca4",
            "max_retries": 5,
            "max_retries_down": 3,
            "name": "regionone-kube-apiserver",
            "pool_id": "09782f6a-1164-412f-b805-02791c3865af",
            "region": "RegionOne",
            "tenant_id": "8ca0f6faa11a4415ab8b8c491f302666",
            "timeout": 10,
            "timeouts": null,
            "type": "TCP",
            "url_path": ""
          },
          "sensitive_attributes": [],
          "private": "eyJlMmJmYjczMC1lY2FhLTExZTYtOGY4OC0zNDM2M2JjN2M0YzAiOnsiY3JlYXRlIjo2MDAwMDAwMDAwMDAsImRlbGV0ZSI6NjAwMDAwMDAwMDAwLCJ1cGRhdGUiOjYwMDAwMDAwMDAwMH19",
          "dependencies": [
            "openstack_lb_loadbalancer_v2.kube_apiserver",
            "openstack_lb_pool_v2.kube_apiservers",
            "openstack_networking_network_v2.network",
            "openstack_networking_secgroup_v2.securitygroup",
            "openstack_networking_subnet_v2.subnet"
          ]
        }
      ]
    },
    {
      "mode": "managed",
      "type": "openstack_lb_pool_v2",
      "name": "kube_apiservers",
      "provider": "provider[\"registry.terraform.io/terraform-provider-openstack/openstack\"]",
      "instances": [
        {
          "schema_version": 0,
          "attributes": {
            "admin_state_up": true,
            "description": "",
            "id": "09782f6a-1164-412f-b805-02791c3865af",
            "lb_method": "ROUND_ROBIN",
            "listener_id": null,
            "loadbalancer_id": "6f090104-3b49-4683-9298-20916e05965b",
            "name": "regionone-kube-apiservers",
            "persistence": [
              {
                "cookie_name": "",
                "type": ""
              }
            ],
            "protocol": "TCP",
            "region": "RegionOne",
            "tenant_id": "8ca0f6faa11a4415ab8b8c491f302666",
            "timeouts": null
          },
          "sensitive_attributes": [],
          "private": "eyJlMmJmYjczMC1lY2FhLTExZTYtOGY4OC0zNDM2M2JjN2M0YzAiOnsiY3JlYXRlIjo2MDAwMDAwMDAwMDAsImRlbGV0ZSI6NjAwMDAwMDAwMDAwLCJ1cGRhdGUiOjYwMDAwMDAwMDAwMH19",
          "dependencies": [
            "openstack_lb_loadbalancer_v2.kube_apiserver",
            "openstack_networking_network_v2.network",
            "openstack_networking_secgroup_v2.securitygroup",
            "openstack_networking_subnet_v2.subnet"
          ]
        }
      ]
    },
    {
      "mode": "managed",
      "type": "openstack_networking_floatingip_associate_v2",
      "name": "bastion",
      "provider": "provider[\"registry.terraform.io/terraform-provider-openstack/openstack\"]",
      "instances": [
        {
          "schema_version": 0,
          "attributes": {
            "fixed_ip": "192.168.1.145",
            "floating_ip": "188.132.178.64",
            "id": "27cf13f9-b72e-4687-9743-7de964d545df",
            "port_id": "08355b5a-ee23-4792-b038-a89c52a5c20f",
            "region": "RegionOne"
          },
          "sensitive_attributes": [],
          "private": "bnVsbA==",
          "dependencies": [
            "openstack_networking_floatingip_v2.bastion",
            "openstack_networking_network_v2.network",
            "openstack_networking_port_v2.bastion",
            "openstack_networking_secgroup_v2.securitygroup",
            "openstack_networking_subnet_v2.subnet"
          ]
        }
      ]
    },
    {
      "mode": "managed",
      "type": "openstack_networking_floatingip_associate_v2",
      "name": "kube_apiserver",
      "provider": "provider[\"registry.terraform.io/terraform-provider-openstack/openstack\"]",
      "instances": [
        {
          "schema_version": 0,
          "attributes": {
            "fixed_ip": "192.168.1.109",
            "floating_ip": "188.132.178.141",
            "id": "40a5bd0a-b0d4-4fae-89cc-86c896f08558",
            "port_id": "653ed42e-fdcc-462e-a9fd-6214e89d0e56",
            "region": "RegionOne"
          },
          "sensitive_attributes": [],
          "private": "bnVsbA==",
          "dependencies": [
            "openstack_lb_loadbalancer_v2.kube_apiserver",
            "openstack_networking_floatingip_v2.kube_apiserver",
            "openstack_networking_network_v2.network",
            "openstack_networking_secgroup_v2.securitygroup",
            "openstack_networking_subnet_v2.subnet"
          ]
        }
      ]
    },
    {
      "mode": "managed",
      "type": "openstack_networking_floatingip_v2",
      "name": "bastion",
      "provider": "provider[\"registry.terraform.io/terraform-provider-openstack/openstack\"]",
      "instances": [
        {
          "schema_version": 0,
          "attributes": {
            "address": "188.132.178.64",
            "all_tags": [],
            "description": "",
            "dns_domain": "",
            "dns_name": "",
            "fixed_ip": "192.168.1.145",
            "id": "27cf13f9-b72e-4687-9743-7de964d545df",
            "pool": "VM_PUBLIC_2",
            "port_id": "08355b5a-ee23-4792-b038-a89c52a5c20f",
            "region": "RegionOne",
            "subnet_id": null,
            "subnet_ids": null,
            "tags": [],
            "tenant_id": "8ca0f6faa11a4415ab8b8c491f302666",
            "timeouts": null,
            "value_specs": null
          },
          "sensitive_attributes": [],
          "private": "eyJlMmJmYjczMC1lY2FhLTExZTYtOGY4OC0zNDM2M2JjN2M0YzAiOnsiY3JlYXRlIjo2MDAwMDAwMDAwMDAsImRlbGV0ZSI6NjAwMDAwMDAwMDAwfX0="
        }
      ]
    },
    {
      "mode": "managed",
      "type": "openstack_networking_floatingip_v2",
      "name": "kube_apiserver",
      "provider": "provider[\"registry.terraform.io/terraform-provider-openstack/openstack\"]",
      "instances": [
        {
          "schema_version": 0,
          "attributes": {
            "address": "188.132.178.141",
            "all_tags": [],
            "description": "",
            "dns_domain": "",
            "dns_name": "",
            "fixed_ip": "192.168.1.109",
            "id": "40a5bd0a-b0d4-4fae-89cc-86c896f08558",
            "pool": "VM_PUBLIC_2",
            "port_id": "653ed42e-fdcc-462e-a9fd-6214e89d0e56",
            "region": "RegionOne",
            "subnet_id": null,
            "subnet_ids": null,
            "tags": [],
            "tenant_id": "8ca0f6faa11a4415ab8b8c491f302666",
            "timeouts": null,
            "value_specs": null
          },
          "sensitive_attributes": [],
          "private": "eyJlMmJmYjczMC1lY2FhLTExZTYtOGY4OC0zNDM2M2JjN2M0YzAiOnsiY3JlYXRlIjo2MDAwMDAwMDAwMDAsImRlbGV0ZSI6NjAwMDAwMDAwMDAwfX0="
        }
      ]
    },
    {
      "mode": "managed",
      "type": "openstack_networking_network_v2",
      "name": "network",
      "provider": "provider[\"registry.terraform.io/terraform-provider-openstack/openstack\"]",
      "instances": [
        {
          "schema_version": 0,
          "attributes": {
            "admin_state_up": true,
            "all_tags": [],
            "availability_zone_hints": [],
            "description": "",
            "dns_domain": "",
            "external": false,
            "id": "311a36db-5ea3-49be-ac38-05a4fab402a6",
            "mtu": 8913,
            "name": "regionone-cluster",
            "port_security_enabled": true,
            "qos_policy_id": "",
            "region": "RegionOne",
            "segments": [
              {
                "network_type": "vxlan",
                "physical_network": "",
                "segmentation_id": 0
              }
            ],
            "shared": false,
            "tags": [],
            "tenant_id": "8ca0f6faa11a4415ab8b8c491f302666",
            "timeouts": null,
            "transparent_vlan": false,
            "value_specs": null
          },
          "sensitive_attributes": [],
          "private": "eyJlMmJmYjczMC1lY2FhLTExZTYtOGY4OC0zNDM2M2JjN2M0YzAiOnsiY3JlYXRlIjo2MDAwMDAwMDAwMDAsImRlbGV0ZSI6NjAwMDAwMDAwMDAwfX0="
        }
      ]
    },
    {
      "mode": "managed",
      "type": "openstack_networking_port_v2",
      "name": "bastion",
      "provider": "provider[\"registry.terraform.io/terraform-provider-openstack/openstack\"]",
      "instances": [
        {
          "schema_version": 0,
          "attributes": {
            "admin_state_up": true,
            "all_fixed_ips": [
              "192.168.1.145"
            ],
            "all_security_group_ids": [
              "269349f3-9c11-4ef0-a27f-5952fbfa251e"
            ],
            "all_tags": [],
            "allowed_address_pairs": [],
            "binding": [
              {
                "host_id": "",
                "profile": "",
                "vif_details": {},
                "vif_type": "",
                "vnic_type": "normal"
              }
            ],
            "description": "",
            "device_id": "",
            "device_owner": "",
            "dns_assignment": [],
            "dns_name": "",
            "extra_dhcp_option": [],
            "fixed_ip": [
              {
                "ip_address": "",
                "subnet_id": "c4d0bbf4-0b01-4979-b0b7-53138d43e010"
              }
            ],
            "id": "08355b5a-ee23-4792-b038-a89c52a5c20f",
            "mac_address": "fa:16:3e:1e:1a:88",
            "name": "regionone-bastion",
            "network_id": "311a36db-5ea3-49be-ac38-05a4fab402a6",
            "no_fixed_ip": null,
            "no_security_groups": null,
            "port_security_enabled": true,
            "qos_policy_id": "",
            "region": "RegionOne",
            "security_group_ids": [
              "269349f3-9c11-4ef0-a27f-5952fbfa251e"
            ],
            "tags": [],
            "tenant_id": "8ca0f6faa11a4415ab8b8c491f302666",
            "timeouts": null,
            "value_specs": null
          },
          "sensitive_attributes": [],
          "private": "eyJlMmJmYjczMC1lY2FhLTExZTYtOGY4OC0zNDM2M2JjN2M0YzAiOnsiY3JlYXRlIjo2MDAwMDAwMDAwMDAsImRlbGV0ZSI6NjAwMDAwMDAwMDAwfX0=",
          "dependencies": [
            "openstack_networking_network_v2.network",
            "openstack_networking_secgroup_v2.securitygroup",
            "openstack_networking_subnet_v2.subnet"
          ]
        }
      ]
    },
    {
      "mode": "managed",
      "type": "openstack_networking_port_v2",
      "name": "control_plane",
      "provider": "provider[\"registry.terraform.io/terraform-provider-openstack/openstack\"]",
      "instances": [
        {
          "index_key": 0,
          "schema_version": 0,
          "attributes": {
            "admin_state_up": true,
            "all_fixed_ips": [
              "192.168.1.185"
            ],
            "all_security_group_ids": [
              "269349f3-9c11-4ef0-a27f-5952fbfa251e"
            ],
            "all_tags": [],
            "allowed_address_pairs": [],
            "binding": [
              {
                "host_id": "",
                "profile": "",
                "vif_details": {},
                "vif_type": "",
                "vnic_type": "normal"
              }
            ],
            "description": "",
            "device_id": "",
            "device_owner": "",
            "dns_assignment": [],
            "dns_name": "",
            "extra_dhcp_option": [],
            "fixed_ip": [
              {
                "ip_address": "",
                "subnet_id": "c4d0bbf4-0b01-4979-b0b7-53138d43e010"
              }
            ],
            "id": "aa5a20c7-9096-465d-a479-e650637063ab",
            "mac_address": "fa:16:3e:c0:47:83",
            "name": "regionone-control_plane-0",
            "network_id": "311a36db-5ea3-49be-ac38-05a4fab402a6",
            "no_fixed_ip": null,
            "no_security_groups": null,
            "port_security_enabled": true,
            "qos_policy_id": "",
            "region": "RegionOne",
            "security_group_ids": [
              "269349f3-9c11-4ef0-a27f-5952fbfa251e"
            ],
            "tags": [],
            "tenant_id": "8ca0f6faa11a4415ab8b8c491f302666",
            "timeouts": null,
            "value_specs": null
          },
          "sensitive_attributes": [],
          "private": "eyJlMmJmYjczMC1lY2FhLTExZTYtOGY4OC0zNDM2M2JjN2M0YzAiOnsiY3JlYXRlIjo2MDAwMDAwMDAwMDAsImRlbGV0ZSI6NjAwMDAwMDAwMDAwfX0=",
          "dependencies": [
            "openstack_networking_network_v2.network",
            "openstack_networking_secgroup_v2.securitygroup",
            "openstack_networking_subnet_v2.subnet"
          ]
        }
      ]
    },
    {
      "mode": "managed",
      "type": "openstack_networking_router_interface_v2",
      "name": "router_subnet_link",
      "provider": "provider[\"registry.terraform.io/terraform-provider-openstack/openstack\"]",
      "instances": [
        {
          "schema_version": 0,
          "attributes": {
            "force_destroy": false,
            "id": "06046365-bebe-43ad-a914-43958d05c1c7",
            "port_id": "06046365-bebe-43ad-a914-43958d05c1c7",
            "region": "RegionOne",
            "router_id": "392431af-5185-4e42-b6a4-731439a0fc19",
            "subnet_id": "c4d0bbf4-0b01-4979-b0b7-53138d43e010",
            "timeouts": null
          },
          "sensitive_attributes": [],
          "private": "eyJlMmJmYjczMC1lY2FhLTExZTYtOGY4OC0zNDM2M2JjN2M0YzAiOnsiY3JlYXRlIjo2MDAwMDAwMDAwMDAsImRlbGV0ZSI6NjAwMDAwMDAwMDAwfX0=",
          "dependencies": [
            "data.openstack_networking_network_v2.external_network",
            "openstack_networking_network_v2.network",
            "openstack_networking_router_v2.router",
            "openstack_networking_subnet_v2.subnet"
          ]
        }
      ]
    },
    {
      "mode": "managed",
      "type": "openstack_networking_router_v2",
      "name": "router",
      "provider": "provider[\"registry.terraform.io/terraform-provider-openstack/openstack\"]",
      "instances": [
        {
          "schema_version": 0,
          "attributes": {
            "admin_state_up": true,
            "all_tags": [],
            "availability_zone_hints": [],
            "description": "",
            "distributed": false,
            "enable_snat": true,
            "external_fixed_ip": [
              {
                "ip_address": "188.132.178.167",
                "subnet_id": "e117e0c8-0ebe-4097-a6dd-ee1c72572940"
              }
            ],
            "external_gateway": "de705df4-8e96-4412-b17f-d1869461090a",
            "external_network_id": "de705df4-8e96-4412-b17f-d1869461090a",
            "external_subnet_ids": null,
            "id": "392431af-5185-4e42-b6a4-731439a0fc19",
            "name": "regionone-cluster",
            "region": "RegionOne",
            "tags": [],
            "tenant_id": "8ca0f6faa11a4415ab8b8c491f302666",
            "timeouts": null,
            "value_specs": null,
            "vendor_options": []
          },
          "sensitive_attributes": [],
          "private": "eyJlMmJmYjczMC1lY2FhLTExZTYtOGY4OC0zNDM2M2JjN2M0YzAiOnsiY3JlYXRlIjo2MDAwMDAwMDAwMDAsImRlbGV0ZSI6NjAwMDAwMDAwMDAwfX0=",
          "dependencies": [
            "data.openstack_networking_network_v2.external_network"
          ]
        }
      ]
    },
    {
      "mode": "managed",
      "type": "openstack_networking_secgroup_rule_v2",
      "name": "nodeports",
      "provider": "provider[\"registry.terraform.io/terraform-provider-openstack/openstack\"]",
      "instances": [
        {
          "schema_version": 0,
          "attributes": {
            "description": "Allow NodePorts",
            "direction": "ingress",
            "ethertype": "IPv4",
            "id": "d40ec598-4815-4a2c-a1b9-ede9b3ef2e7c",
            "port_range_max": 32767,
            "port_range_min": 30000,
            "protocol": "tcp",
            "region": "RegionOne",
            "remote_group_id": "",
            "remote_ip_prefix": "0.0.0.0/0",
            "security_group_id": "269349f3-9c11-4ef0-a27f-5952fbfa251e",
            "tenant_id": "8ca0f6faa11a4415ab8b8c491f302666",
            "timeouts": null
          },
          "sensitive_attributes": [],
          "private": "eyJlMmJmYjczMC1lY2FhLTExZTYtOGY4OC0zNDM2M2JjN2M0YzAiOnsiZGVsZXRlIjo2MDAwMDAwMDAwMDB9fQ==",
          "dependencies": [
            "openstack_networking_secgroup_v2.securitygroup"
          ]
        }
      ]
    },
    {
      "mode": "managed",
      "type": "openstack_networking_secgroup_rule_v2",
      "name": "secgroup_allow_internal_ipv4",
      "provider": "provider[\"registry.terraform.io/terraform-provider-openstack/openstack\"]",
      "instances": [
        {
          "schema_version": 0,
          "attributes": {
            "description": "Allow security group internal IPv4 traffic",
            "direction": "ingress",
            "ethertype": "IPv4",
            "id": "ae210dd8-4317-4c1b-91d8-bebe82167151",
            "port_range_max": 0,
            "port_range_min": 0,
            "protocol": "",
            "region": "RegionOne",
            "remote_group_id": "269349f3-9c11-4ef0-a27f-5952fbfa251e",
            "remote_ip_prefix": "",
            "security_group_id": "269349f3-9c11-4ef0-a27f-5952fbfa251e",
            "tenant_id": "8ca0f6faa11a4415ab8b8c491f302666",
            "timeouts": null
          },
          "sensitive_attributes": [],
          "private": "eyJlMmJmYjczMC1lY2FhLTExZTYtOGY4OC0zNDM2M2JjN2M0YzAiOnsiZGVsZXRlIjo2MDAwMDAwMDAwMDB9fQ==",
          "dependencies": [
            "openstack_networking_secgroup_v2.securitygroup"
          ]
        }
      ]
    },
    {
      "mode": "managed",
      "type": "openstack_networking_secgroup_rule_v2",
      "name": "secgroup_apiserver",
      "provider": "provider[\"registry.terraform.io/terraform-provider-openstack/openstack\"]",
      "instances": [
        {
          "schema_version": 0,
          "attributes": {
            "description": "Allow kube-apiserver",
            "direction": "ingress",
            "ethertype": "IPv4",
            "id": "62c61cb8-f3cc-4850-9b4f-36642e9c10b9",
            "port_range_max": 6443,
            "port_range_min": 6443,
            "protocol": "tcp",
            "region": "RegionOne",
            "remote_group_id": "",
            "remote_ip_prefix": "0.0.0.0/0",
            "security_group_id": "269349f3-9c11-4ef0-a27f-5952fbfa251e",
            "tenant_id": "8ca0f6faa11a4415ab8b8c491f302666",
            "timeouts": null
          },
          "sensitive_attributes": [],
          "private": "eyJlMmJmYjczMC1lY2FhLTExZTYtOGY4OC0zNDM2M2JjN2M0YzAiOnsiZGVsZXRlIjo2MDAwMDAwMDAwMDB9fQ==",
          "dependencies": [
            "openstack_networking_secgroup_v2.securitygroup"
          ]
        }
      ]
    },
    {
      "mode": "managed",
      "type": "openstack_networking_secgroup_rule_v2",
      "name": "secgroup_ssh",
      "provider": "provider[\"registry.terraform.io/terraform-provider-openstack/openstack\"]",
      "instances": [
        {
          "schema_version": 0,
          "attributes": {
            "description": "Allow SSH",
            "direction": "ingress",
            "ethertype": "IPv4",
            "id": "36c71602-2408-4855-8497-eff712d28f35",
            "port_range_max": 22,
            "port_range_min": 22,
            "protocol": "tcp",
            "region": "RegionOne",
            "remote_group_id": "",
            "remote_ip_prefix": "0.0.0.0/0",
            "security_group_id": "269349f3-9c11-4ef0-a27f-5952fbfa251e",
            "tenant_id": "8ca0f6faa11a4415ab8b8c491f302666",
            "timeouts": null
          },
          "sensitive_attributes": [],
          "private": "eyJlMmJmYjczMC1lY2FhLTExZTYtOGY4OC0zNDM2M2JjN2M0YzAiOnsiZGVsZXRlIjo2MDAwMDAwMDAwMDB9fQ==",
          "dependencies": [
            "openstack_networking_secgroup_v2.securitygroup"
          ]
        }
      ]
    },
    {
      "mode": "managed",
      "type": "openstack_networking_secgroup_v2",
      "name": "securitygroup",
      "provider": "provider[\"registry.terraform.io/terraform-provider-openstack/openstack\"]",
      "instances": [
        {
          "schema_version": 0,
          "attributes": {
            "all_tags": [],
            "delete_default_rules": null,
            "description": "Security group for the Kubeone Kubernetes cluster regionone",
            "id": "269349f3-9c11-4ef0-a27f-5952fbfa251e",
            "name": "regionone-cluster",
            "region": "RegionOne",
            "tags": [],
            "tenant_id": "8ca0f6faa11a4415ab8b8c491f302666",
            "timeouts": null
          },
          "sensitive_attributes": [],
          "private": "eyJlMmJmYjczMC1lY2FhLTExZTYtOGY4OC0zNDM2M2JjN2M0YzAiOnsiZGVsZXRlIjo2MDAwMDAwMDAwMDB9fQ=="
        }
      ]
    },
    {
      "mode": "managed",
      "type": "openstack_networking_subnet_v2",
      "name": "subnet",
      "provider": "provider[\"registry.terraform.io/terraform-provider-openstack/openstack\"]",
      "instances": [
        {
          "schema_version": 0,
          "attributes": {
            "all_tags": [],
            "allocation_pool": [
              {
                "end": "192.168.1.254",
                "start": "192.168.1.2"
              }
            ],
            "allocation_pools": [
              {
                "end": "192.168.1.254",
                "start": "192.168.1.2"
              }
            ],
            "cidr": "192.168.1.0/24",
            "description": "",
            "dns_nameservers": [
              "8.8.8.8",
              "8.8.4.4"
            ],
            "enable_dhcp": true,
            "gateway_ip": "192.168.1.1",
            "host_routes": [],
            "id": "c4d0bbf4-0b01-4979-b0b7-53138d43e010",
            "ip_version": 4,
            "ipv6_address_mode": "",
            "ipv6_ra_mode": "",
            "name": "regionone-cluster",
            "network_id": "311a36db-5ea3-49be-ac38-05a4fab402a6",
            "no_gateway": false,
            "prefix_length": null,
            "region": "RegionOne",
            "service_types": [],
            "subnetpool_id": "",
            "tags": [],
            "tenant_id": "8ca0f6faa11a4415ab8b8c491f302666",
            "timeouts": null,
            "value_specs": null
          },
          "sensitive_attributes": [],
          "private": "eyJlMmJmYjczMC1lY2FhLTExZTYtOGY4OC0zNDM2M2JjN2M0YzAiOnsiY3JlYXRlIjo2MDAwMDAwMDAwMDAsImRlbGV0ZSI6NjAwMDAwMDAwMDAwfX0=",
          "dependencies": [
            "openstack_networking_network_v2.network"
          ]
        }
      ]
    }
  ],
  "check_results": [
    {
      "object_kind": "var",
      "config_addr": "var.subnet_dns_servers",
      "status": "pass",
      "objects": [
        {
          "object_addr": "var.subnet_dns_servers",
          "status": "pass"
        }
      ]
    },
    {
      "object_kind": "var",
      "config_addr": "var.subnet_cidr",
      "status": "pass",
      "objects": [
        {
          "object_addr": "var.subnet_cidr",
          "status": "pass"
        }
      ]
    },
    {
      "object_kind": "var",
      "config_addr": "var.cluster_name",
      "status": "pass",
      "objects": [
        {
          "object_addr": "var.cluster_name",
          "status": "pass"
        }
      ]
    }
  ]
}
